
Microsoft Visual Studio Solution File, Format Version 12.00
# Visual Studio Version 16
VisualStudioVersion = 16.0.32228.343
MinimumVisualStudioVersion = 10.0.40219.1
Project("{FAE04EC0-301F-11D3-BF4B-00C04F79EFBC}") = "shoppingMall", "shoppingMall\shoppingMall.csproj", "{10F5512B-A15C-45CA-94D0-9302558AAD6F}"
EndProject
Global
	GlobalSection(SolutionConfigurationPlatforms) = preSolution
		Debug|Any CPU = Debug|Any CPU
		Release|Any CPU = Release|Any CPU
	EndGlobalSection
	GlobalSection(ProjectConfigurationPlatforms) = postSolution
		{10F5512B-A15C-45CA-94D0-9302558AAD6F}.Debug|Any CPU.ActiveCfg = Debug|Any CPU
		{10F5512B-A15C-45CA-94D0-9302558AAD6F}.Debug|Any CPU.Build.0 = Debug|Any CPU
		{10F5512B-A15C-45CA-94D0-9302558AAD6F}.Release|Any CPU.ActiveCfg = Release|Any CPU
		{10F5512B-A15C-45CA-94D0-9302558AAD6F}.Release|Any CPU.Build.0 = Release|Any CPU
	EndGlobalSection
	GlobalSection(SolutionProperties) = preSolution
		HideSolutionNode = FALSE
	EndGlobalSection
	GlobalSection(ExtensibilityGlobals) = postSolution
		SolutionGuid = {191E5560-8F05-40E2-B03E-A04F3943A1AE}
	EndGlobalSection
EndGlobal
